<<<<<<< HEAD
﻿
Microsoft Visual Studio Solution File, Format Version 12.00
# Visual Studio 2017
Project("{FAE04EC0-301F-11D3-BF4B-00C04F79EFBC}") = "BaseballModel", "BaseballModel.csproj", "{99C6F42A-93A6-112C-7BC3-FB0C71B2688B}"
EndProject
Project("{FAE04EC0-301F-11D3-BF4B-00C04F79EFBC}") = "BaseballModel.Editor", "BaseballModel.Editor.csproj", "{39755F8F-177C-C170-241B-906ADCF09474}"
EndProject
Global
	GlobalSection(SolutionConfigurationPlatforms) = preSolution
		Debug|Any CPU = Debug|Any CPU
		Release|Any CPU = Release|Any CPU
	EndGlobalSection
	GlobalSection(ProjectConfigurationPlatforms) = postSolution
		{99C6F42A-93A6-112C-7BC3-FB0C71B2688B}.Debug|Any CPU.ActiveCfg = Debug|Any CPU
		{99C6F42A-93A6-112C-7BC3-FB0C71B2688B}.Debug|Any CPU.Build.0 = Debug|Any CPU
		{99C6F42A-93A6-112C-7BC3-FB0C71B2688B}.Release|Any CPU.ActiveCfg = Release|Any CPU
		{99C6F42A-93A6-112C-7BC3-FB0C71B2688B}.Release|Any CPU.Build.0 = Release|Any CPU
		{39755F8F-177C-C170-241B-906ADCF09474}.Debug|Any CPU.ActiveCfg = Debug|Any CPU
		{39755F8F-177C-C170-241B-906ADCF09474}.Debug|Any CPU.Build.0 = Debug|Any CPU
		{39755F8F-177C-C170-241B-906ADCF09474}.Release|Any CPU.ActiveCfg = Release|Any CPU
		{39755F8F-177C-C170-241B-906ADCF09474}.Release|Any CPU.Build.0 = Release|Any CPU
	EndGlobalSection
	GlobalSection(SolutionProperties) = preSolution
		HideSolutionNode = FALSE
	EndGlobalSection
EndGlobal
=======
﻿
Microsoft Visual Studio Solution File, Format Version 12.00
# Visual Studio 2017
Project("{FAE04EC0-301F-11D3-BF4B-00C04F79EFBC}") = "BaseballModel", "BaseballModel.csproj", "{99C6F42A-93A6-112C-7BC3-FB0C71B2688B}"
EndProject
Project("{FAE04EC0-301F-11D3-BF4B-00C04F79EFBC}") = "BaseballModel.Editor", "BaseballModel.Editor.csproj", "{39755F8F-177C-C170-241B-906ADCF09474}"
EndProject
Global
	GlobalSection(SolutionConfigurationPlatforms) = preSolution
		Debug|Any CPU = Debug|Any CPU
		Release|Any CPU = Release|Any CPU
	EndGlobalSection
	GlobalSection(ProjectConfigurationPlatforms) = postSolution
		{99C6F42A-93A6-112C-7BC3-FB0C71B2688B}.Debug|Any CPU.ActiveCfg = Debug|Any CPU
		{99C6F42A-93A6-112C-7BC3-FB0C71B2688B}.Debug|Any CPU.Build.0 = Debug|Any CPU
		{99C6F42A-93A6-112C-7BC3-FB0C71B2688B}.Release|Any CPU.ActiveCfg = Release|Any CPU
		{99C6F42A-93A6-112C-7BC3-FB0C71B2688B}.Release|Any CPU.Build.0 = Release|Any CPU
		{39755F8F-177C-C170-241B-906ADCF09474}.Debug|Any CPU.ActiveCfg = Debug|Any CPU
		{39755F8F-177C-C170-241B-906ADCF09474}.Debug|Any CPU.Build.0 = Debug|Any CPU
		{39755F8F-177C-C170-241B-906ADCF09474}.Release|Any CPU.ActiveCfg = Release|Any CPU
		{39755F8F-177C-C170-241B-906ADCF09474}.Release|Any CPU.Build.0 = Release|Any CPU
	EndGlobalSection
	GlobalSection(SolutionProperties) = preSolution
		HideSolutionNode = FALSE
	EndGlobalSection
EndGlobal
>>>>>>> addingHoloToolkit
