
Microsoft Visual Studio Solution File, Format Version 11.00
# Visual Studio 2010
Project("{FAE04EC0-301F-11D3-BF4B-00C04F79EFBC}") = "mixedRealityIntroduction", "Assembly-CSharp.csproj", "{299A9324-B91E-BD83-A8B0-532CD263F17D}"
EndProject
Project("{FAE04EC0-301F-11D3-BF4B-00C04F79EFBC}") = "mixedRealityIntroduction", "Assembly-CSharp-Editor.csproj", "{73F1D20C-89F6-13FD-58E7-646B1C64FE21}"
EndProject
Global
	GlobalSection(SolutionConfigurationPlatforms) = preSolution
		Debug|Any CPU = Debug|Any CPU
		Release|Any CPU = Release|Any CPU
	EndGlobalSection
	GlobalSection(ProjectConfigurationPlatforms) = postSolution
		{299A9324-B91E-BD83-A8B0-532CD263F17D}.Debug|Any CPU.ActiveCfg = Debug|Any CPU
		{299A9324-B91E-BD83-A8B0-532CD263F17D}.Debug|Any CPU.Build.0 = Debug|Any CPU
		{299A9324-B91E-BD83-A8B0-532CD263F17D}.Release|Any CPU.ActiveCfg = Release|Any CPU
		{299A9324-B91E-BD83-A8B0-532CD263F17D}.Release|Any CPU.Build.0 = Release|Any CPU
		{73F1D20C-89F6-13FD-58E7-646B1C64FE21}.Debug|Any CPU.ActiveCfg = Debug|Any CPU
		{73F1D20C-89F6-13FD-58E7-646B1C64FE21}.Debug|Any CPU.Build.0 = Debug|Any CPU
		{73F1D20C-89F6-13FD-58E7-646B1C64FE21}.Release|Any CPU.ActiveCfg = Release|Any CPU
		{73F1D20C-89F6-13FD-58E7-646B1C64FE21}.Release|Any CPU.Build.0 = Release|Any CPU
	EndGlobalSection
	GlobalSection(SolutionProperties) = preSolution
		HideSolutionNode = FALSE
	EndGlobalSection
	GlobalSection(MonoDevelopProperties) = preSolution
		StartupItem = Assembly-CSharp.csproj
	EndGlobalSection
EndGlobal
